
Microsoft Visual Studio Solution File, Format Version 12.00
# Visual Studio Version 17
VisualStudioVersion = 17.2.32526.322
MinimumVisualStudioVersion = 10.0.40219.1
Project("{FAE04EC0-301F-11D3-BF4B-00C04F79EFBC}") = "ChooseYourAdventure", "ChooseYourAdventure\ChooseYourAdventure.csproj", "{FDDB151F-5A94-4BC0-A04C-144F0CBBC2EC}"
EndProject
Global
	GlobalSection(SolutionConfigurationPlatforms) = preSolution
		Debug|Any CPU = Debug|Any CPU
		Release|Any CPU = Release|Any CPU
	EndGlobalSection
	GlobalSection(ProjectConfigurationPlatforms) = postSolution
		{FDDB151F-5A94-4BC0-A04C-144F0CBBC2EC}.Debug|Any CPU.ActiveCfg = Debug|Any CPU
		{FDDB151F-5A94-4BC0-A04C-144F0CBBC2EC}.Debug|Any CPU.Build.0 = Debug|Any CPU
		{FDDB151F-5A94-4BC0-A04C-144F0CBBC2EC}.Release|Any CPU.ActiveCfg = Release|Any CPU
		{FDDB151F-5A94-4BC0-A04C-144F0CBBC2EC}.Release|Any CPU.Build.0 = Release|Any CPU
	EndGlobalSection
	GlobalSection(SolutionProperties) = preSolution
		HideSolutionNode = FALSE
	EndGlobalSection
	GlobalSection(ExtensibilityGlobals) = postSolution
		SolutionGuid = {0625B3CD-309B-469A-A56A-924AEFB56103}
	EndGlobalSection
EndGlobal
